
Microsoft Visual Studio Solution File, Format Version 12.00
# Visual Studio 15
VisualStudioVersion = 15.0.26228.9
MinimumVisualStudioVersion = 10.0.40219.1
Project("{FAE04EC0-301F-11D3-BF4B-00C04F79EFBC}") = "Stories", "src\Stories\Stories.csproj", "{03713E14-53F5-44CE-A135-7DD241E88221}"
EndProject
Project("{FAE04EC0-301F-11D3-BF4B-00C04F79EFBC}") = "Stories.Parser", "src\Stories.Parser\Stories.Parser.csproj", "{91BEFFD3-B0F1-4B66-B7F4-AE6295D069F3}"
EndProject
Project("{FAE04EC0-301F-11D3-BF4B-00C04F79EFBC}") = "Stories.Execution", "src\Stories.Execution\Stories.Execution.csproj", "{C003C183-3CC1-4B2B-ABDE-B59182AADEEE}"
EndProject
Project("{FAE04EC0-301F-11D3-BF4B-00C04F79EFBC}") = "Stories.Tests", "src\Stories.Tests\Stories.Tests.csproj", "{793C4CB7-82AF-4D30-B794-115D3ECCFFBA}"
EndProject
Global
	GlobalSection(SolutionConfigurationPlatforms) = preSolution
		Debug|Any CPU = Debug|Any CPU
		Release|Any CPU = Release|Any CPU
	EndGlobalSection
	GlobalSection(ProjectConfigurationPlatforms) = postSolution
		{03713E14-53F5-44CE-A135-7DD241E88221}.Debug|Any CPU.ActiveCfg = Debug|Any CPU
		{03713E14-53F5-44CE-A135-7DD241E88221}.Debug|Any CPU.Build.0 = Debug|Any CPU
		{03713E14-53F5-44CE-A135-7DD241E88221}.Release|Any CPU.ActiveCfg = Release|Any CPU
		{03713E14-53F5-44CE-A135-7DD241E88221}.Release|Any CPU.Build.0 = Release|Any CPU
		{91BEFFD3-B0F1-4B66-B7F4-AE6295D069F3}.Debug|Any CPU.ActiveCfg = Debug|Any CPU
		{91BEFFD3-B0F1-4B66-B7F4-AE6295D069F3}.Debug|Any CPU.Build.0 = Debug|Any CPU
		{91BEFFD3-B0F1-4B66-B7F4-AE6295D069F3}.Release|Any CPU.ActiveCfg = Release|Any CPU
		{91BEFFD3-B0F1-4B66-B7F4-AE6295D069F3}.Release|Any CPU.Build.0 = Release|Any CPU
		{C003C183-3CC1-4B2B-ABDE-B59182AADEEE}.Debug|Any CPU.ActiveCfg = Debug|Any CPU
		{C003C183-3CC1-4B2B-ABDE-B59182AADEEE}.Debug|Any CPU.Build.0 = Debug|Any CPU
		{C003C183-3CC1-4B2B-ABDE-B59182AADEEE}.Release|Any CPU.ActiveCfg = Release|Any CPU
		{C003C183-3CC1-4B2B-ABDE-B59182AADEEE}.Release|Any CPU.Build.0 = Release|Any CPU
		{793C4CB7-82AF-4D30-B794-115D3ECCFFBA}.Debug|Any CPU.ActiveCfg = Debug|Any CPU
		{793C4CB7-82AF-4D30-B794-115D3ECCFFBA}.Debug|Any CPU.Build.0 = Debug|Any CPU
		{793C4CB7-82AF-4D30-B794-115D3ECCFFBA}.Release|Any CPU.ActiveCfg = Release|Any CPU
		{793C4CB7-82AF-4D30-B794-115D3ECCFFBA}.Release|Any CPU.Build.0 = Release|Any CPU
	EndGlobalSection
	GlobalSection(SolutionProperties) = preSolution
		HideSolutionNode = FALSE
	EndGlobalSection
	GlobalSection(ExtensibilityGlobals) = postSolution
		SolutionGuid = {AE55AD4B-30A5-47D2-8C6C-E863745B0406}
	EndGlobalSection
EndGlobal
